
Microsoft Visual Studio Solution File, Format Version 11.00
# Visual Studio 2010
Project("{FAE04EC0-301F-11D3-BF4B-00C04F79EFBC}") = "YkCms", "easyuiDemo\YkCms.csproj", "{D4096A68-FF25-44E1-869B-4C767E7F57BE}"
EndProject
Project("{FAE04EC0-301F-11D3-BF4B-00C04F79EFBC}") = "CKEditor.Net", "CKEditor.Net\CKEditor.Net.csproj", "{3F4F11EF-ED16-479E-9F78-E520ED6C20A4}"
EndProject
Project("{FAE04EC0-301F-11D3-BF4B-00C04F79EFBC}") = "YK.BLL", "YK_BLL\YK.BLL.csproj", "{1094BD17-DFFD-4AE1-807F-8DE68EAE507E}"
EndProject
Project("{FAE04EC0-301F-11D3-BF4B-00C04F79EFBC}") = "YK.Common", "YK_Common\YK.Common.csproj", "{D7D7485A-9635-40CF-B030-9AD39C404013}"
EndProject
Project("{FAE04EC0-301F-11D3-BF4B-00C04F79EFBC}") = "YK.Config", "YK_Config\YK.Config.csproj", "{EAFAC9C4-FF5C-4F51-8879-1AD2D8C61A77}"
EndProject
Project("{FAE04EC0-301F-11D3-BF4B-00C04F79EFBC}") = "YK.DALFactory", "YK_DALFactory\YK.DALFactory.csproj", "{36DA2DA8-96FF-4B25-A6D4-F2C1EB565D82}"
EndProject
Project("{FAE04EC0-301F-11D3-BF4B-00C04F79EFBC}") = "YK.DBUtility", "YK_DBUtility\YK.DBUtility.csproj", "{61C7CE27-2631-4C92-9224-85DF5397D4E2}"
EndProject
Project("{FAE04EC0-301F-11D3-BF4B-00C04F79EFBC}") = "YK.IDAL", "YK_IDAL\YK.IDAL.csproj", "{DCE3E896-25E8-4FDA-94E4-12488D2EDD55}"
EndProject
Project("{FAE04EC0-301F-11D3-BF4B-00C04F79EFBC}") = "YK.Model", "YK_Model\YK.Model.csproj", "{A64B433E-ED56-4E1B-8BFA-1733FA700539}"
EndProject
Project("{FAE04EC0-301F-11D3-BF4B-00C04F79EFBC}") = "YK.DAL", "YK_OleDbDAL\YK.DAL.csproj", "{F95D65B3-331C-4AF2-9744-D104AC44EFE7}"
EndProject
Project("{FAE04EC0-301F-11D3-BF4B-00C04F79EFBC}") = "YkTools", "YkTools\YkTools.csproj", "{9C6099AD-3C74-4565-A233-B4B936D83E25}"
EndProject
Global
	GlobalSection(SolutionConfigurationPlatforms) = preSolution
		Debug|Any CPU = Debug|Any CPU
		Debug|Mixed Platforms = Debug|Mixed Platforms
		Debug|x86 = Debug|x86
		Release|Any CPU = Release|Any CPU
		Release|Mixed Platforms = Release|Mixed Platforms
		Release|x86 = Release|x86
	EndGlobalSection
	GlobalSection(ProjectConfigurationPlatforms) = postSolution
		{D4096A68-FF25-44E1-869B-4C767E7F57BE}.Debug|Any CPU.ActiveCfg = Debug|Any CPU
		{D4096A68-FF25-44E1-869B-4C767E7F57BE}.Debug|Any CPU.Build.0 = Debug|Any CPU
		{D4096A68-FF25-44E1-869B-4C767E7F57BE}.Debug|Mixed Platforms.ActiveCfg = Debug|Any CPU
		{D4096A68-FF25-44E1-869B-4C767E7F57BE}.Debug|Mixed Platforms.Build.0 = Debug|Any CPU
		{D4096A68-FF25-44E1-869B-4C767E7F57BE}.Debug|x86.ActiveCfg = Debug|Any CPU
		{D4096A68-FF25-44E1-869B-4C767E7F57BE}.Release|Any CPU.ActiveCfg = Release|Any CPU
		{D4096A68-FF25-44E1-869B-4C767E7F57BE}.Release|Any CPU.Build.0 = Release|Any CPU
		{D4096A68-FF25-44E1-869B-4C767E7F57BE}.Release|Mixed Platforms.ActiveCfg = Release|Any CPU
		{D4096A68-FF25-44E1-869B-4C767E7F57BE}.Release|Mixed Platforms.Build.0 = Release|Any CPU
		{D4096A68-FF25-44E1-869B-4C767E7F57BE}.Release|x86.ActiveCfg = Release|Any CPU
		{3F4F11EF-ED16-479E-9F78-E520ED6C20A4}.Debug|Any CPU.ActiveCfg = Debug|Any CPU
		{3F4F11EF-ED16-479E-9F78-E520ED6C20A4}.Debug|Any CPU.Build.0 = Debug|Any CPU
		{3F4F11EF-ED16-479E-9F78-E520ED6C20A4}.Debug|Mixed Platforms.ActiveCfg = Debug|Any CPU
		{3F4F11EF-ED16-479E-9F78-E520ED6C20A4}.Debug|Mixed Platforms.Build.0 = Debug|Any CPU
		{3F4F11EF-ED16-479E-9F78-E520ED6C20A4}.Debug|x86.ActiveCfg = Debug|Any CPU
		{3F4F11EF-ED16-479E-9F78-E520ED6C20A4}.Release|Any CPU.ActiveCfg = Release|Any CPU
		{3F4F11EF-ED16-479E-9F78-E520ED6C20A4}.Release|Any CPU.Build.0 = Release|Any CPU
		{3F4F11EF-ED16-479E-9F78-E520ED6C20A4}.Release|Mixed Platforms.ActiveCfg = Release|Any CPU
		{3F4F11EF-ED16-479E-9F78-E520ED6C20A4}.Release|Mixed Platforms.Build.0 = Release|Any CPU
		{3F4F11EF-ED16-479E-9F78-E520ED6C20A4}.Release|x86.ActiveCfg = Release|Any CPU
		{1094BD17-DFFD-4AE1-807F-8DE68EAE507E}.Debug|Any CPU.ActiveCfg = Debug|Any CPU
		{1094BD17-DFFD-4AE1-807F-8DE68EAE507E}.Debug|Any CPU.Build.0 = Debug|Any CPU
		{1094BD17-DFFD-4AE1-807F-8DE68EAE507E}.Debug|Mixed Platforms.ActiveCfg = Debug|Any CPU
		{1094BD17-DFFD-4AE1-807F-8DE68EAE507E}.Debug|Mixed Platforms.Build.0 = Debug|Any CPU
		{1094BD17-DFFD-4AE1-807F-8DE68EAE507E}.Debug|x86.ActiveCfg = Debug|Any CPU
		{1094BD17-DFFD-4AE1-807F-8DE68EAE507E}.Release|Any CPU.ActiveCfg = Release|Any CPU
		{1094BD17-DFFD-4AE1-807F-8DE68EAE507E}.Release|Any CPU.Build.0 = Release|Any CPU
		{1094BD17-DFFD-4AE1-807F-8DE68EAE507E}.Release|Mixed Platforms.ActiveCfg = Release|Any CPU
		{1094BD17-DFFD-4AE1-807F-8DE68EAE507E}.Release|Mixed Platforms.Build.0 = Release|Any CPU
		{1094BD17-DFFD-4AE1-807F-8DE68EAE507E}.Release|x86.ActiveCfg = Release|Any CPU
		{D7D7485A-9635-40CF-B030-9AD39C404013}.Debug|Any CPU.ActiveCfg = Debug|Any CPU
		{D7D7485A-9635-40CF-B030-9AD39C404013}.Debug|Any CPU.Build.0 = Debug|Any CPU
		{D7D7485A-9635-40CF-B030-9AD39C404013}.Debug|Mixed Platforms.ActiveCfg = Debug|Any CPU
		{D7D7485A-9635-40CF-B030-9AD39C404013}.Debug|Mixed Platforms.Build.0 = Debug|Any CPU
		{D7D7485A-9635-40CF-B030-9AD39C404013}.Debug|x86.ActiveCfg = Debug|Any CPU
		{D7D7485A-9635-40CF-B030-9AD39C404013}.Release|Any CPU.ActiveCfg = Release|Any CPU
		{D7D7485A-9635-40CF-B030-9AD39C404013}.Release|Any CPU.Build.0 = Release|Any CPU
		{D7D7485A-9635-40CF-B030-9AD39C404013}.Release|Mixed Platforms.ActiveCfg = Release|Any CPU
		{D7D7485A-9635-40CF-B030-9AD39C404013}.Release|Mixed Platforms.Build.0 = Release|Any CPU
		{D7D7485A-9635-40CF-B030-9AD39C404013}.Release|x86.ActiveCfg = Release|Any CPU
		{EAFAC9C4-FF5C-4F51-8879-1AD2D8C61A77}.Debug|Any CPU.ActiveCfg = Debug|Any CPU
		{EAFAC9C4-FF5C-4F51-8879-1AD2D8C61A77}.Debug|Any CPU.Build.0 = Debug|Any CPU
		{EAFAC9C4-FF5C-4F51-8879-1AD2D8C61A77}.Debug|Mixed Platforms.ActiveCfg = Debug|Any CPU
		{EAFAC9C4-FF5C-4F51-8879-1AD2D8C61A77}.Debug|Mixed Platforms.Build.0 = Debug|Any CPU
		{EAFAC9C4-FF5C-4F51-8879-1AD2D8C61A77}.Debug|x86.ActiveCfg = Debug|Any CPU
		{EAFAC9C4-FF5C-4F51-8879-1AD2D8C61A77}.Release|Any CPU.ActiveCfg = Release|Any CPU
		{EAFAC9C4-FF5C-4F51-8879-1AD2D8C61A77}.Release|Any CPU.Build.0 = Release|Any CPU
		{EAFAC9C4-FF5C-4F51-8879-1AD2D8C61A77}.Release|Mixed Platforms.ActiveCfg = Release|Any CPU
		{EAFAC9C4-FF5C-4F51-8879-1AD2D8C61A77}.Release|Mixed Platforms.Build.0 = Release|Any CPU
		{EAFAC9C4-FF5C-4F51-8879-1AD2D8C61A77}.Release|x86.ActiveCfg = Release|Any CPU
		{36DA2DA8-96FF-4B25-A6D4-F2C1EB565D82}.Debug|Any CPU.ActiveCfg = Debug|Any CPU
		{36DA2DA8-96FF-4B25-A6D4-F2C1EB565D82}.Debug|Any CPU.Build.0 = Debug|Any CPU
		{36DA2DA8-96FF-4B25-A6D4-F2C1EB565D82}.Debug|Mixed Platforms.ActiveCfg = Debug|Any CPU
		{36DA2DA8-96FF-4B25-A6D4-F2C1EB565D82}.Debug|Mixed Platforms.Build.0 = Debug|Any CPU
		{36DA2DA8-96FF-4B25-A6D4-F2C1EB565D82}.Debug|x86.ActiveCfg = Debug|Any CPU
		{36DA2DA8-96FF-4B25-A6D4-F2C1EB565D82}.Release|Any CPU.ActiveCfg = Release|Any CPU
		{36DA2DA8-96FF-4B25-A6D4-F2C1EB565D82}.Release|Any CPU.Build.0 = Release|Any CPU
		{36DA2DA8-96FF-4B25-A6D4-F2C1EB565D82}.Release|Mixed Platforms.ActiveCfg = Release|Any CPU
		{36DA2DA8-96FF-4B25-A6D4-F2C1EB565D82}.Release|Mixed Platforms.Build.0 = Release|Any CPU
		{36DA2DA8-96FF-4B25-A6D4-F2C1EB565D82}.Release|x86.ActiveCfg = Release|Any CPU
		{61C7CE27-2631-4C92-9224-85DF5397D4E2}.Debug|Any CPU.ActiveCfg = Debug|Any CPU
		{61C7CE27-2631-4C92-9224-85DF5397D4E2}.Debug|Any CPU.Build.0 = Debug|Any CPU
		{61C7CE27-2631-4C92-9224-85DF5397D4E2}.Debug|Mixed Platforms.ActiveCfg = Debug|Any CPU
		{61C7CE27-2631-4C92-9224-85DF5397D4E2}.Debug|Mixed Platforms.Build.0 = Debug|Any CPU
		{61C7CE27-2631-4C92-9224-85DF5397D4E2}.Debug|x86.ActiveCfg = Debug|Any CPU
		{61C7CE27-2631-4C92-9224-85DF5397D4E2}.Release|Any CPU.ActiveCfg = Release|Any CPU
		{61C7CE27-2631-4C92-9224-85DF5397D4E2}.Release|Any CPU.Build.0 = Release|Any CPU
		{61C7CE27-2631-4C92-9224-85DF5397D4E2}.Release|Mixed Platforms.ActiveCfg = Release|Any CPU
		{61C7CE27-2631-4C92-9224-85DF5397D4E2}.Release|Mixed Platforms.Build.0 = Release|Any CPU
		{61C7CE27-2631-4C92-9224-85DF5397D4E2}.Release|x86.ActiveCfg = Release|Any CPU
		{DCE3E896-25E8-4FDA-94E4-12488D2EDD55}.Debug|Any CPU.ActiveCfg = Debug|Any CPU
		{DCE3E896-25E8-4FDA-94E4-12488D2EDD55}.Debug|Any CPU.Build.0 = Debug|Any CPU
		{DCE3E896-25E8-4FDA-94E4-12488D2EDD55}.Debug|Mixed Platforms.ActiveCfg = Debug|Any CPU
		{DCE3E896-25E8-4FDA-94E4-12488D2EDD55}.Debug|Mixed Platforms.Build.0 = Debug|Any CPU
		{DCE3E896-25E8-4FDA-94E4-12488D2EDD55}.Debug|x86.ActiveCfg = Debug|Any CPU
		{DCE3E896-25E8-4FDA-94E4-12488D2EDD55}.Release|Any CPU.ActiveCfg = Release|Any CPU
		{DCE3E896-25E8-4FDA-94E4-12488D2EDD55}.Release|Any CPU.Build.0 = Release|Any CPU
		{DCE3E896-25E8-4FDA-94E4-12488D2EDD55}.Release|Mixed Platforms.ActiveCfg = Release|Any CPU
		{DCE3E896-25E8-4FDA-94E4-12488D2EDD55}.Release|Mixed Platforms.Build.0 = Release|Any CPU
		{DCE3E896-25E8-4FDA-94E4-12488D2EDD55}.Release|x86.ActiveCfg = Release|Any CPU
		{A64B433E-ED56-4E1B-8BFA-1733FA700539}.Debug|Any CPU.ActiveCfg = Debug|Any CPU
		{A64B433E-ED56-4E1B-8BFA-1733FA700539}.Debug|Any CPU.Build.0 = Debug|Any CPU
		{A64B433E-ED56-4E1B-8BFA-1733FA700539}.Debug|Mixed Platforms.ActiveCfg = Debug|Any CPU
		{A64B433E-ED56-4E1B-8BFA-1733FA700539}.Debug|Mixed Platforms.Build.0 = Debug|Any CPU
		{A64B433E-ED56-4E1B-8BFA-1733FA700539}.Debug|x86.ActiveCfg = Debug|Any CPU
		{A64B433E-ED56-4E1B-8BFA-1733FA700539}.Release|Any CPU.ActiveCfg = Release|Any CPU
		{A64B433E-ED56-4E1B-8BFA-1733FA700539}.Release|Any CPU.Build.0 = Release|Any CPU
		{A64B433E-ED56-4E1B-8BFA-1733FA700539}.Release|Mixed Platforms.ActiveCfg = Release|Any CPU
		{A64B433E-ED56-4E1B-8BFA-1733FA700539}.Release|Mixed Platforms.Build.0 = Release|Any CPU
		{A64B433E-ED56-4E1B-8BFA-1733FA700539}.Release|x86.ActiveCfg = Release|Any CPU
		{F95D65B3-331C-4AF2-9744-D104AC44EFE7}.Debug|Any CPU.ActiveCfg = Debug|Any CPU
		{F95D65B3-331C-4AF2-9744-D104AC44EFE7}.Debug|Any CPU.Build.0 = Debug|Any CPU
		{F95D65B3-331C-4AF2-9744-D104AC44EFE7}.Debug|Mixed Platforms.ActiveCfg = Debug|Any CPU
		{F95D65B3-331C-4AF2-9744-D104AC44EFE7}.Debug|Mixed Platforms.Build.0 = Debug|Any CPU
		{F95D65B3-331C-4AF2-9744-D104AC44EFE7}.Debug|x86.ActiveCfg = Debug|Any CPU
		{F95D65B3-331C-4AF2-9744-D104AC44EFE7}.Release|Any CPU.ActiveCfg = Release|Any CPU
		{F95D65B3-331C-4AF2-9744-D104AC44EFE7}.Release|Any CPU.Build.0 = Release|Any CPU
		{F95D65B3-331C-4AF2-9744-D104AC44EFE7}.Release|Mixed Platforms.ActiveCfg = Release|Any CPU
		{F95D65B3-331C-4AF2-9744-D104AC44EFE7}.Release|Mixed Platforms.Build.0 = Release|Any CPU
		{F95D65B3-331C-4AF2-9744-D104AC44EFE7}.Release|x86.ActiveCfg = Release|Any CPU
		{9C6099AD-3C74-4565-A233-B4B936D83E25}.Debug|Any CPU.ActiveCfg = Debug|x86
		{9C6099AD-3C74-4565-A233-B4B936D83E25}.Debug|Mixed Platforms.ActiveCfg = Debug|x86
		{9C6099AD-3C74-4565-A233-B4B936D83E25}.Debug|Mixed Platforms.Build.0 = Debug|x86
		{9C6099AD-3C74-4565-A233-B4B936D83E25}.Debug|x86.ActiveCfg = Debug|x86
		{9C6099AD-3C74-4565-A233-B4B936D83E25}.Debug|x86.Build.0 = Debug|x86
		{9C6099AD-3C74-4565-A233-B4B936D83E25}.Release|Any CPU.ActiveCfg = Release|x86
		{9C6099AD-3C74-4565-A233-B4B936D83E25}.Release|Mixed Platforms.ActiveCfg = Release|x86
		{9C6099AD-3C74-4565-A233-B4B936D83E25}.Release|Mixed Platforms.Build.0 = Release|x86
		{9C6099AD-3C74-4565-A233-B4B936D83E25}.Release|x86.ActiveCfg = Release|x86
		{9C6099AD-3C74-4565-A233-B4B936D83E25}.Release|x86.Build.0 = Release|x86
	EndGlobalSection
	GlobalSection(SolutionProperties) = preSolution
		HideSolutionNode = FALSE
	EndGlobalSection
EndGlobal
